
Microsoft Visual Studio Solution File, Format Version 12.00
# Visual Studio Version 16
VisualStudioVersion = 16.0.29609.76
MinimumVisualStudioVersion = 10.0.40219.1
Project("{FAE04EC0-301F-11D3-BF4B-00C04F79EFBC}") = "BrothersInTheBar", "BrothersInTheBar\BrothersInTheBar.csproj", "{FCED6310-D6F5-4B33-AFFC-303FEEB02338}"
EndProject
Global
	GlobalSection(SolutionConfigurationPlatforms) = preSolution
		Debug|Any CPU = Debug|Any CPU
		Release|Any CPU = Release|Any CPU
	EndGlobalSection
	GlobalSection(ProjectConfigurationPlatforms) = postSolution
		{FCED6310-D6F5-4B33-AFFC-303FEEB02338}.Debug|Any CPU.ActiveCfg = Debug|Any CPU
		{FCED6310-D6F5-4B33-AFFC-303FEEB02338}.Debug|Any CPU.Build.0 = Debug|Any CPU
		{FCED6310-D6F5-4B33-AFFC-303FEEB02338}.Release|Any CPU.ActiveCfg = Release|Any CPU
		{FCED6310-D6F5-4B33-AFFC-303FEEB02338}.Release|Any CPU.Build.0 = Release|Any CPU
	EndGlobalSection
	GlobalSection(SolutionProperties) = preSolution
		HideSolutionNode = FALSE
	EndGlobalSection
	GlobalSection(ExtensibilityGlobals) = postSolution
		SolutionGuid = {E46448D6-7F57-46AF-A21F-0E7767F76F1C}
	EndGlobalSection
EndGlobal
